{
  "name": "t-doll-image-generate",
  "version": "1.0.0",
  "lockfileVersion": 1,
  "requires": true,
  "dependencies": {
    "@babel/polyfill": {
      "version": "7.2.5",
      "resolved": "http://registry.npm.taobao.org/@babel/polyfill/download/@babel/polyfill-7.2.5.tgz",
      "integrity": "sha1-bFS5ZPca0n7d3FZ9Bl5X6H7X+n0=",
      "requires": {
        "core-js": "^2.5.7",
        "regenerator-runtime": "^0.12.0"
      }
    },
    "@jimp/bmp": {
      "version": "0.6.0",
      "resolved": "http://registry.npm.taobao.org/@jimp/bmp/download/@jimp/bmp-0.6.0.tgz",
      "integrity": "sha1-brOtRB7T8UGKMqiaQkQoWRSyoVw=",
      "requires": {
        "@jimp/utils": "^0.6.0",
        "bmp-js": "^0.1.0",
        "core-js": "^2.5.7"
      }
    },
    "@jimp/core": {
      "version": "0.6.0",
      "resolved": "http://registry.npm.taobao.org/@jimp/core/download/@jimp/core-0.6.0.tgz",
      "integrity": "sha1-o2aYj2sznbmo4s5TL6kPAX6n8C8=",
      "requires": {
        "@jimp/utils": "^0.6.0",
        "any-base": "^1.1.0",
        "buffer": "^5.2.0",
        "core-js": "^2.5.7",
        "exif-parser": "^0.1.12",
        "file-type": "^9.0.0",
        "load-bmfont": "^1.3.1",
        "mkdirp": "0.5.1",
        "phin": "^2.9.1",
        "pixelmatch": "^4.0.2",
        "tinycolor2": "^1.4.1"
      }
    },
    "@jimp/custom": {
      "version": "0.6.0",
      "resolved": "http://registry.npm.taobao.org/@jimp/custom/download/@jimp/custom-0.6.0.tgz",
      "integrity": "sha1-rMzCSHAcIAB+pvSXKhrrVeLC1/s=",
      "requires": {
        "@jimp/core": "^0.6.0",
        "core-js": "^2.5.7"
      }
    },
    "@jimp/gif": {
      "version": "0.6.0",
      "resolved": "http://registry.npm.taobao.org/@jimp/gif/download/@jimp/gif-0.6.0.tgz",
      "integrity": "sha1-9M0dZnFGV5AoLVARf44AdIr/EDc=",
      "requires": {
        "@jimp/utils": "^0.6.0",
        "core-js": "^2.5.7",
        "omggif": "^1.0.9"
      }
    },
    "@jimp/jpeg": {
      "version": "0.6.0",
      "resolved": "http://registry.npm.taobao.org/@jimp/jpeg/download/@jimp/jpeg-0.6.0.tgz",
      "integrity": "sha1-kGH0lfGaf5A545OA+u+KYAS1fDY=",
      "requires": {
        "@jimp/utils": "^0.6.0",
        "core-js": "^2.5.7",
        "jpeg-js": "^0.3.4"
      }
    },
    "@jimp/plugin-blit": {
      "version": "0.6.0",
      "resolved": "http://registry.npm.taobao.org/@jimp/plugin-blit/download/@jimp/plugin-blit-0.6.0.tgz",
      "integrity": "sha1-/oSV397/9y2pkjaCYm1mjBEmrXU=",
      "requires": {
        "@jimp/utils": "^0.6.0",
        "core-js": "^2.5.7"
      }
    },
    "@jimp/plugin-blur": {
      "version": "0.6.0",
      "resolved": "http://registry.npm.taobao.org/@jimp/plugin-blur/download/@jimp/plugin-blur-0.6.0.tgz",
      "integrity": "sha1-ZTeUN4J3XBo9ZWxqF8a75k/hb2U=",
      "requires": {
        "@jimp/utils": "^0.6.0",
        "core-js": "^2.5.7"
      }
    },
    "@jimp/plugin-color": {
      "version": "0.6.0",
      "resolved": "http://registry.npm.taobao.org/@jimp/plugin-color/download/@jimp/plugin-color-0.6.0.tgz",
      "integrity": "sha1-ovNthITlCtfI9aDUhL/E9dU237A=",
      "requires": {
        "@jimp/utils": "^0.6.0",
        "core-js": "^2.5.7",
        "tinycolor2": "^1.4.1"
      }
    },
    "@jimp/plugin-contain": {
      "version": "0.6.0",
      "resolved": "http://registry.npm.taobao.org/@jimp/plugin-contain/download/@jimp/plugin-contain-0.6.0.tgz",
      "integrity": "sha1-F0yUd32yZNyweW9RW4TQSXQolZ8=",
      "requires": {
        "@jimp/utils": "^0.6.0",
        "core-js": "^2.5.7"
      }
    },
    "@jimp/plugin-cover": {
      "version": "0.6.0",
      "resolved": "http://registry.npm.taobao.org/@jimp/plugin-cover/download/@jimp/plugin-cover-0.6.0.tgz",
      "integrity": "sha1-j2Hl+9q3CQmcXzmpOY9iRHCTpuI=",
      "requires": {
        "@jimp/utils": "^0.6.0",
        "core-js": "^2.5.7"
      }
    },
    "@jimp/plugin-crop": {
      "version": "0.6.0",
      "resolved": "http://registry.npm.taobao.org/@jimp/plugin-crop/download/@jimp/plugin-crop-0.6.0.tgz",
      "integrity": "sha1-7wk7lDJ9Oi9kIiOgeIYalmFDZ/U=",
      "requires": {
        "@jimp/utils": "^0.6.0",
        "core-js": "^2.5.7"
      }
    },
    "@jimp/plugin-displace": {
      "version": "0.6.0",
      "resolved": "http://registry.npm.taobao.org/@jimp/plugin-displace/download/@jimp/plugin-displace-0.6.0.tgz",
      "integrity": "sha1-2Wxm/FQoOphlougESt69VPCTs2Y=",
      "requires": {
        "@jimp/utils": "^0.6.0",
        "core-js": "^2.5.7"
      }
    },
    "@jimp/plugin-dither": {
      "version": "0.6.0",
      "resolved": "http://registry.npm.taobao.org/@jimp/plugin-dither/download/@jimp/plugin-dither-0.6.0.tgz",
      "integrity": "sha1-x0cEgP1tI6ZxiMInCsPpSUoFHWE=",
      "requires": {
        "@jimp/utils": "^0.6.0",
        "core-js": "^2.5.7"
      }
    },
    "@jimp/plugin-flip": {
      "version": "0.6.0",
      "resolved": "http://registry.npm.taobao.org/@jimp/plugin-flip/download/@jimp/plugin-flip-0.6.0.tgz",
      "integrity": "sha1-zfvGBZ4VaRKlDEHLX2F6RpP3k9I=",
      "requires": {
        "@jimp/utils": "^0.6.0",
        "core-js": "^2.5.7"
      }
    },
    "@jimp/plugin-gaussian": {
      "version": "0.6.0",
      "resolved": "http://registry.npm.taobao.org/@jimp/plugin-gaussian/download/@jimp/plugin-gaussian-0.6.0.tgz",
      "integrity": "sha1-/JdGjmfczZhy0fsXfku8Xo4pROw=",
      "requires": {
        "@jimp/utils": "^0.6.0",
        "core-js": "^2.5.7"
      }
    },
    "@jimp/plugin-invert": {
      "version": "0.6.0",
      "resolved": "http://registry.npm.taobao.org/@jimp/plugin-invert/download/@jimp/plugin-invert-0.6.0.tgz",
      "integrity": "sha1-2kh5pBzAwSEQwr9eY1JLB4GcNSQ=",
      "requires": {
        "@jimp/utils": "^0.6.0",
        "core-js": "^2.5.7"
      }
    },
    "@jimp/plugin-mask": {
      "version": "0.6.0",
      "resolved": "http://registry.npm.taobao.org/@jimp/plugin-mask/download/@jimp/plugin-mask-0.6.0.tgz",
      "integrity": "sha1-hFtAuwDGbuwVwSxbLtlw0IN5hcI=",
      "requires": {
        "@jimp/utils": "^0.6.0",
        "core-js": "^2.5.7"
      }
    },
    "@jimp/plugin-normalize": {
      "version": "0.6.0",
      "resolved": "http://registry.npm.taobao.org/@jimp/plugin-normalize/download/@jimp/plugin-normalize-0.6.0.tgz",
      "integrity": "sha1-sXaa7yyJy94Yeca0PRW1NfKyhMg=",
      "requires": {
        "@jimp/utils": "^0.6.0",
        "core-js": "^2.5.7"
      }
    },
    "@jimp/plugin-print": {
      "version": "0.6.0",
      "resolved": "http://registry.npm.taobao.org/@jimp/plugin-print/download/@jimp/plugin-print-0.6.0.tgz",
      "integrity": "sha1-fgzN2pcY7CzqvWZetZPxhWBdfV8=",
      "requires": {
        "@jimp/utils": "^0.6.0",
        "core-js": "^2.5.7",
        "load-bmfont": "^1.4.0"
      }
    },
    "@jimp/plugin-resize": {
      "version": "0.6.0",
      "resolved": "http://registry.npm.taobao.org/@jimp/plugin-resize/download/@jimp/plugin-resize-0.6.0.tgz",
      "integrity": "sha1-1mvle5u5UOZqb2hsl/urdrxwWvQ=",
      "requires": {
        "@jimp/utils": "^0.6.0",
        "core-js": "^2.5.7"
      }
    },
    "@jimp/plugin-rotate": {
      "version": "0.6.0",
      "resolved": "http://registry.npm.taobao.org/@jimp/plugin-rotate/download/@jimp/plugin-rotate-0.6.0.tgz",
      "integrity": "sha1-LXo1m0jMgwvz7ulMmCHCv9Gyfa8=",
      "requires": {
        "@jimp/utils": "^0.6.0",
        "core-js": "^2.5.7"
      }
    },
    "@jimp/plugin-scale": {
      "version": "0.6.0",
      "resolved": "http://registry.npm.taobao.org/@jimp/plugin-scale/download/@jimp/plugin-scale-0.6.0.tgz",
      "integrity": "sha1-dR0NmuRKr5+bSTS8Kk3TQSLNKJQ=",
      "requires": {
        "@jimp/utils": "^0.6.0",
        "core-js": "^2.5.7"
      }
    },
    "@jimp/plugins": {
      "version": "0.6.0",
      "resolved": "http://registry.npm.taobao.org/@jimp/plugins/download/@jimp/plugins-0.6.0.tgz",
      "integrity": "sha1-QHWBpniR7GOZwfP/uVsPxHyMUCs=",
      "requires": {
        "@jimp/plugin-blit": "^0.6.0",
        "@jimp/plugin-blur": "^0.6.0",
        "@jimp/plugin-color": "^0.6.0",
        "@jimp/plugin-contain": "^0.6.0",
        "@jimp/plugin-cover": "^0.6.0",
        "@jimp/plugin-crop": "^0.6.0",
        "@jimp/plugin-displace": "^0.6.0",
        "@jimp/plugin-dither": "^0.6.0",
        "@jimp/plugin-flip": "^0.6.0",
        "@jimp/plugin-gaussian": "^0.6.0",
        "@jimp/plugin-invert": "^0.6.0",
        "@jimp/plugin-mask": "^0.6.0",
        "@jimp/plugin-normalize": "^0.6.0",
        "@jimp/plugin-print": "^0.6.0",
        "@jimp/plugin-resize": "^0.6.0",
        "@jimp/plugin-rotate": "^0.6.0",
        "@jimp/plugin-scale": "^0.6.0",
        "core-js": "^2.5.7",
        "timm": "^1.6.1"
      }
    },
    "@jimp/png": {
      "version": "0.6.0",
      "resolved": "http://registry.npm.taobao.org/@jimp/png/download/@jimp/png-0.6.0.tgz",
      "integrity": "sha1-PrikzR/3HcY7Gq1Xic+Do6FQjKE=",
      "requires": {
        "@jimp/utils": "^0.6.0",
        "core-js": "^2.5.7",
        "pngjs": "^3.3.3"
      }
    },
    "@jimp/tiff": {
      "version": "0.6.0",
      "resolved": "http://registry.npm.taobao.org/@jimp/tiff/download/@jimp/tiff-0.6.0.tgz",
      "integrity": "sha1-6mW+5DqP/pcu2WMdq8ueAwrNsAQ=",
      "requires": {
        "core-js": "^2.5.7",
        "utif": "^2.0.1"
      }
    },
    "@jimp/types": {
      "version": "0.6.0",
      "resolved": "http://registry.npm.taobao.org/@jimp/types/download/@jimp/types-0.6.0.tgz",
      "integrity": "sha1-npuUL6/tTzZPG5mcnxU5m4Tad1Y=",
      "requires": {
        "@jimp/bmp": "^0.6.0",
        "@jimp/gif": "^0.6.0",
        "@jimp/jpeg": "^0.6.0",
        "@jimp/png": "^0.6.0",
        "@jimp/tiff": "^0.6.0",
        "core-js": "^2.5.7",
        "timm": "^1.6.1"
      }
    },
    "@jimp/utils": {
      "version": "0.6.0",
      "resolved": "http://registry.npm.taobao.org/@jimp/utils/download/@jimp/utils-0.6.0.tgz",
      "integrity": "sha1-Mwrkat7hy2IvpTT8Vv2KV0ycLYQ=",
      "requires": {
        "core-js": "^2.5.7"
      }
    },
    "@types/concat-stream": {
      "version": "1.6.0",
      "resolved": "http://registry.npm.taobao.org/@types/concat-stream/download/@types/concat-stream-1.6.0.tgz",
      "integrity": "sha1-OU2+C7X+5Gs42JZzXoto7yOQ0A0=",
      "requires": {
        "@types/node": "*"
      }
    },
    "@types/form-data": {
      "version": "0.0.33",
      "resolved": "http://registry.npm.taobao.org/@types/form-data/download/@types/form-data-0.0.33.tgz",
      "integrity": "sha1-yayFsqX9GENbjIXZ7LUObWyJP/g=",
      "requires": {
        "@types/node": "*"
      }
    },
    "@types/node": {
      "version": "9.6.46",
      "resolved": "http://registry.npm.taobao.org/@types/node/download/@types/node-9.6.46.tgz?cache=0&other_urls=http%3A%2F%2Fregistry.npm.taobao.org%2F%40types%2Fnode%2Fdownload%2F%40types%2Fnode-9.6.46.tgz",
      "integrity": "sha1-uy7rDutY5AHvnk4pq8T4EAPudnw="
    },
    "@types/qs": {
      "version": "6.5.2",
      "resolved": "http://registry.npm.taobao.org/@types/qs/download/@types/qs-6.5.2.tgz",
      "integrity": "sha1-fzRwYmVQVmYoRbpLt53L/cOCzWE="
    },
    "any-base": {
      "version": "1.1.0",
      "resolved": "http://registry.npm.taobao.org/any-base/download/any-base-1.1.0.tgz",
      "integrity": "sha1-rhAaYrwIpZe0yatbcInUVmMFSf4="
    },
    "asap": {
      "version": "2.0.6",
      "resolved": "http://registry.npm.taobao.org/asap/download/asap-2.0.6.tgz",
      "integrity": "sha1-5QNHYR1+aQlDIIu9r+vLwvuGbUY="
    },
    "asynckit": {
      "version": "0.4.0",
      "resolved": "http://registry.npm.taobao.org/asynckit/download/asynckit-0.4.0.tgz",
      "integrity": "sha1-x57Zf380y48robyXkLzDZkdLS3k="
    },
    "base64-js": {
      "version": "1.3.0",
      "resolved": "http://registry.npm.taobao.org/base64-js/download/base64-js-1.3.0.tgz",
      "integrity": "sha1-yrHmEY8FEJXli1KBrqjBzSK/wOM="
    },
    "bmp-js": {
      "version": "0.1.0",
      "resolved": "http://registry.npm.taobao.org/bmp-js/download/bmp-js-0.1.0.tgz",
      "integrity": "sha1-4Fpj95amwf8l9Hcex62twUjAcjM="
    },
    "buffer": {
      "version": "5.2.1",
      "resolved": "http://registry.npm.taobao.org/buffer/download/buffer-5.2.1.tgz",
      "integrity": "sha1-3Vf6DxCaxZxgJHkETcp7iz0LcdY=",
      "requires": {
        "base64-js": "^1.0.2",
        "ieee754": "^1.1.4"
      }
    },
    "buffer-equal": {
      "version": "0.0.1",
      "resolved": "http://registry.npm.taobao.org/buffer-equal/download/buffer-equal-0.0.1.tgz",
      "integrity": "sha1-kbx0sR6kBbyRa8aqkI+q+ltKrEs="
    },
    "buffer-from": {
      "version": "1.1.1",
      "resolved": "http://registry.npm.taobao.org/buffer-from/download/buffer-from-1.1.1.tgz",
      "integrity": "sha1-MnE7wCj3XAL9txDXx7zsHyxgcO8="
    },
    "caseless": {
      "version": "0.12.0",
      "resolved": "http://registry.npm.taobao.org/caseless/download/caseless-0.12.0.tgz",
      "integrity": "sha1-G2gcIf+EAzyCZUMJBolCDRhxUdw="
    },
    "combined-stream": {
      "version": "1.0.7",
      "resolved": "http://registry.npm.taobao.org/combined-stream/download/combined-stream-1.0.7.tgz",
      "integrity": "sha1-LR0kMXr7ir6V1tLAsHtXgTU52Cg=",
      "requires": {
        "delayed-stream": "~1.0.0"
      }
    },
    "concat-stream": {
      "version": "1.6.2",
      "resolved": "http://registry.npm.taobao.org/concat-stream/download/concat-stream-1.6.2.tgz",
      "integrity": "sha1-kEvfGUzTEi/Gdcd/xKw9T/D9GjQ=",
      "requires": {
        "buffer-from": "^1.0.0",
        "inherits": "^2.0.3",
        "readable-stream": "^2.2.2",
        "typedarray": "^0.0.6"
      }
    },
    "core-js": {
      "version": "2.6.5",
      "resolved": "http://registry.npm.taobao.org/core-js/download/core-js-2.6.5.tgz",
      "integrity": "sha1-RLyNJJ5/sv9dAOA0Gn/7lPv2eJU="
    },
    "core-util-is": {
      "version": "1.0.2",
      "resolved": "http://registry.npm.taobao.org/core-util-is/download/core-util-is-1.0.2.tgz",
      "integrity": "sha1-tf1UIgqivFq1eqtxQMlAdUUDwac="
    },
    "define-properties": {
      "version": "1.1.3",
      "resolved": "http://registry.npm.taobao.org/define-properties/download/define-properties-1.1.3.tgz",
      "integrity": "sha1-z4jabL7ib+bbcJT2HYcMvYTO6fE=",
      "requires": {
        "object-keys": "^1.0.12"
      }
    },
    "delayed-stream": {
      "version": "1.0.0",
      "resolved": "http://registry.npm.taobao.org/delayed-stream/download/delayed-stream-1.0.0.tgz",
      "integrity": "sha1-3zrhmayt+31ECqrgsp4icrJOxhk="
    },
    "dom-walk": {
      "version": "0.1.1",
      "resolved": "http://registry.npm.taobao.org/dom-walk/download/dom-walk-0.1.1.tgz",
      "integrity": "sha1-ZyIm3HTI95mtNTB9+TaroRrNYBg="
    },
    "es-abstract": {
      "version": "1.13.0",
      "resolved": "http://registry.npm.taobao.org/es-abstract/download/es-abstract-1.13.0.tgz",
      "integrity": "sha1-rIYUX91QmdjdSVWMy6Lq+biOJOk=",
      "requires": {
        "es-to-primitive": "^1.2.0",
        "function-bind": "^1.1.1",
        "has": "^1.0.3",
        "is-callable": "^1.1.4",
        "is-regex": "^1.0.4",
        "object-keys": "^1.0.12"
      }
    },
    "es-to-primitive": {
      "version": "1.2.0",
      "resolved": "http://registry.npm.taobao.org/es-to-primitive/download/es-to-primitive-1.2.0.tgz",
      "integrity": "sha1-7fckeAM0VujdqO8J4ArZZQcH83c=",
      "requires": {
        "is-callable": "^1.1.4",
        "is-date-object": "^1.0.1",
        "is-symbol": "^1.0.2"
      }
    },
    "exif-parser": {
      "version": "0.1.12",
      "resolved": "http://registry.npm.taobao.org/exif-parser/download/exif-parser-0.1.12.tgz",
      "integrity": "sha1-WKnS1ywCwfbwKg70qRZicrd2CSI="
    },
    "file-type": {
      "version": "9.0.0",
      "resolved": "http://registry.npm.taobao.org/file-type/download/file-type-9.0.0.tgz",
      "integrity": "sha1-po1a0H9IZBTfssiGb3MWGUZxShg="
    },
    "for-each": {
      "version": "0.3.3",
      "resolved": "http://registry.npm.taobao.org/for-each/download/for-each-0.3.3.tgz",
      "integrity": "sha1-abRH6IoKXTLD5whPPxcQA0shN24=",
      "requires": {
        "is-callable": "^1.1.3"
      }
    },
    "form-data": {
      "version": "2.3.3",
      "resolved": "http://registry.npm.taobao.org/form-data/download/form-data-2.3.3.tgz",
      "integrity": "sha1-3M5SwF9kTymManq5Nr1yTO/786Y=",
      "requires": {
        "asynckit": "^0.4.0",
        "combined-stream": "^1.0.6",
        "mime-types": "^2.1.12"
      }
    },
    "function-bind": {
      "version": "1.1.1",
      "resolved": "http://registry.npm.taobao.org/function-bind/download/function-bind-1.1.1.tgz",
      "integrity": "sha1-pWiZ0+o8m6uHS7l3O3xe3pL0iV0="
    },
    "get-port": {
      "version": "3.2.0",
      "resolved": "http://registry.npm.taobao.org/get-port/download/get-port-3.2.0.tgz",
      "integrity": "sha1-3Xzn3hh8Bsi/NTeWrHHgmfCYDrw="
    },
    "global": {
      "version": "4.3.2",
      "resolved": "http://registry.npm.taobao.org/global/download/global-4.3.2.tgz",
      "integrity": "sha1-52mJJopsdMOJCLEwWxD8DjlOnQ8=",
      "requires": {
        "min-document": "^2.19.0",
        "process": "~0.5.1"
      }
    },
    "has": {
      "version": "1.0.3",
      "resolved": "http://registry.npm.taobao.org/has/download/has-1.0.3.tgz",
      "integrity": "sha1-ci18v8H2qoJB8W3YFOAR4fQeh5Y=",
      "requires": {
        "function-bind": "^1.1.1"
      }
    },
    "has-symbols": {
      "version": "1.0.0",
      "resolved": "http://registry.npm.taobao.org/has-symbols/download/has-symbols-1.0.0.tgz",
      "integrity": "sha1-uhqPGvKg/DllD1yFA2dwQSIGO0Q="
    },
    "http-basic": {
      "version": "7.0.0",
      "resolved": "http://registry.npm.taobao.org/http-basic/download/http-basic-7.0.0.tgz",
      "integrity": "sha1-gvClBr6UJzLsje6+6A50bvVzbbo=",
      "requires": {
        "@types/concat-stream": "^1.6.0",
        "@types/node": "^9.4.1",
        "caseless": "~0.12.0",
        "concat-stream": "^1.4.6",
        "http-response-object": "^3.0.1",
        "parse-cache-control": "^1.0.1"
      }
    },
    "http-response-object": {
      "version": "3.0.1",
      "resolved": "http://registry.npm.taobao.org/http-response-object/download/http-response-object-3.0.1.tgz",
      "integrity": "sha1-kBdNRMJ7Xnl89u/lGgQ7yImuZL8=",
      "requires": {
        "@types/node": "^9.3.0"
      }
    },
    "ieee754": {
      "version": "1.1.12",
      "resolved": "http://registry.npm.taobao.org/ieee754/download/ieee754-1.1.12.tgz",
      "integrity": "sha1-UL8k5bnIu5ivSWTJQc2wkY2ntgs="
    },
    "inherits": {
      "version": "2.0.3",
      "resolved": "http://registry.npm.taobao.org/inherits/download/inherits-2.0.3.tgz",
      "integrity": "sha1-Yzwsg+PaQqUC9SRmAiSA9CCCYd4="
    },
    "is-callable": {
      "version": "1.1.4",
      "resolved": "http://registry.npm.taobao.org/is-callable/download/is-callable-1.1.4.tgz",
      "integrity": "sha1-HhrfIZ4e62hNaR+dagX/DTCiTXU="
    },
    "is-date-object": {
      "version": "1.0.1",
      "resolved": "http://registry.npm.taobao.org/is-date-object/download/is-date-object-1.0.1.tgz",
      "integrity": "sha1-mqIOtq7rv/d/vTPnTKAbM1gdOhY="
    },
    "is-function": {
      "version": "1.0.1",
      "resolved": "http://registry.npm.taobao.org/is-function/download/is-function-1.0.1.tgz",
      "integrity": "sha1-Es+5i2W1fdPRk6MSH19uL0N2ArU="
    },
    "is-regex": {
      "version": "1.0.4",
      "resolved": "http://registry.npm.taobao.org/is-regex/download/is-regex-1.0.4.tgz",
      "integrity": "sha1-VRdIm1RwkbCTDglWVM7SXul+lJE=",
      "requires": {
        "has": "^1.0.1"
      }
    },
    "is-symbol": {
      "version": "1.0.2",
      "resolved": "http://registry.npm.taobao.org/is-symbol/download/is-symbol-1.0.2.tgz",
      "integrity": "sha1-oFX2rlcZLK7jKeeoYBGLSXqVDzg=",
      "requires": {
        "has-symbols": "^1.0.0"
      }
    },
    "isarray": {
      "version": "1.0.0",
      "resolved": "http://registry.npm.taobao.org/isarray/download/isarray-1.0.0.tgz",
      "integrity": "sha1-u5NdSFgsuhaMBoNJV6VKPgcSTxE="
    },
    "jimp": {
      "version": "0.6.0",
      "resolved": "http://registry.npm.taobao.org/jimp/download/jimp-0.6.0.tgz",
      "integrity": "sha1-sPwnijMTpBNrydNS4OgeVuuMhko=",
      "requires": {
        "@babel/polyfill": "^7.0.0",
        "@jimp/custom": "^0.6.0",
        "@jimp/plugins": "^0.6.0",
        "@jimp/types": "^0.6.0",
        "core-js": "^2.5.7"
      }
    },
    "jpeg-js": {
      "version": "0.3.4",
      "resolved": "http://registry.npm.taobao.org/jpeg-js/download/jpeg-js-0.3.4.tgz",
      "integrity": "sha1-3CulAe49WLe7iTxdH6tHKUkX5+c="
    },
    "load-bmfont": {
      "version": "1.4.0",
      "resolved": "http://registry.npm.taobao.org/load-bmfont/download/load-bmfont-1.4.0.tgz",
      "integrity": "sha1-dfFwcLFKjHhf5/W+4ub9T5gJO2s=",
      "requires": {
        "buffer-equal": "0.0.1",
        "mime": "^1.3.4",
        "parse-bmfont-ascii": "^1.0.3",
        "parse-bmfont-binary": "^1.0.5",
        "parse-bmfont-xml": "^1.1.4",
        "phin": "^2.9.1",
        "xhr": "^2.0.1",
        "xtend": "^4.0.0"
      }
    },
    "mime": {
      "version": "1.6.0",
      "resolved": "http://registry.npm.taobao.org/mime/download/mime-1.6.0.tgz",
      "integrity": "sha1-Ms2eXGRVO9WNGaVor0Uqz/BJgbE="
    },
    "mime-db": {
      "version": "1.38.0",
      "resolved": "http://registry.npm.taobao.org/mime-db/download/mime-db-1.38.0.tgz",
      "integrity": "sha1-GiqrFtqesWe0nG5N8tnGjWPY4q0="
    },
    "mime-types": {
      "version": "2.1.22",
      "resolved": "http://registry.npm.taobao.org/mime-types/download/mime-types-2.1.22.tgz",
      "integrity": "sha1-/ms1WhkJJqt2mMmgVWoRGZshmb0=",
      "requires": {
        "mime-db": "~1.38.0"
      }
    },
    "min-document": {
      "version": "2.19.0",
      "resolved": "http://registry.npm.taobao.org/min-document/download/min-document-2.19.0.tgz",
      "integrity": "sha1-e9KC4/WELtKVu3SM3Z8f+iyCRoU=",
      "requires": {
        "dom-walk": "^0.1.0"
      }
    },
    "minimist": {
      "version": "0.0.8",
      "resolved": "http://registry.npm.taobao.org/minimist/download/minimist-0.0.8.tgz",
      "integrity": "sha1-hX/Kv8M5fSYluCKCYuhqp6ARsF0="
    },
    "mkdirp": {
      "version": "0.5.1",
      "resolved": "http://registry.npm.taobao.org/mkdirp/download/mkdirp-0.5.1.tgz",
      "integrity": "sha1-MAV0OOrGz3+MR2fzhkjWaX11yQM=",
      "requires": {
        "minimist": "0.0.8"
      }
    },
    "object-keys": {
      "version": "1.1.0",
      "resolved": "http://registry.npm.taobao.org/object-keys/download/object-keys-1.1.0.tgz",
      "integrity": "sha1-Eb0iNI3S4JagRasG9shbzDQPoDI="
    },
    "omggif": {
      "version": "1.0.9",
      "resolved": "http://registry.npm.taobao.org/omggif/download/omggif-1.0.9.tgz",
      "integrity": "sha1-3LcCTazVDFK00wPwSALJHAV8dl8="
    },
    "pako": {
      "version": "1.0.10",
      "resolved": "http://registry.npm.taobao.org/pako/download/pako-1.0.10.tgz",
      "integrity": "sha1-Qyi621CGpCaqkPVBl31JVdpclzI="
    },
    "parse-bmfont-ascii": {
      "version": "1.0.6",
      "resolved": "http://registry.npm.taobao.org/parse-bmfont-ascii/download/parse-bmfont-ascii-1.0.6.tgz",
      "integrity": "sha1-Eaw8P/WPfCAgqyJ2kHkQjU36AoU="
    },
    "parse-bmfont-binary": {
      "version": "1.0.6",
      "resolved": "http://registry.npm.taobao.org/parse-bmfont-binary/download/parse-bmfont-binary-1.0.6.tgz",
      "integrity": "sha1-0Di0dtPp3Z2x4RoLDlOiJ5K2kAY="
    },
    "parse-bmfont-xml": {
      "version": "1.1.4",
      "resolved": "http://registry.npm.taobao.org/parse-bmfont-xml/download/parse-bmfont-xml-1.1.4.tgz",
      "integrity": "sha1-AVMZeX4+EvnnOcTVE4cs0vo184k=",
      "requires": {
        "xml-parse-from-string": "^1.0.0",
        "xml2js": "^0.4.5"
      }
    },
    "parse-cache-control": {
      "version": "1.0.1",
      "resolved": "http://registry.npm.taobao.org/parse-cache-control/download/parse-cache-control-1.0.1.tgz",
      "integrity": "sha1-juqz5U+laSD+Fro493+iGqzC104="
    },
    "parse-headers": {
      "version": "2.0.2",
      "resolved": "http://registry.npm.taobao.org/parse-headers/download/parse-headers-2.0.2.tgz",
      "integrity": "sha1-lUXopMGuXq6n0kmSvKiQKB7SbjQ=",
      "requires": {
        "for-each": "^0.3.3",
        "string.prototype.trim": "^1.1.2"
      }
    },
    "phin": {
      "version": "2.9.3",
      "resolved": "http://registry.npm.taobao.org/phin/download/phin-2.9.3.tgz",
      "integrity": "sha1-+basEKA1Y2+2XfxXaqqhe4dDElw="
    },
    "pixelmatch": {
      "version": "4.0.2",
      "resolved": "http://registry.npm.taobao.org/pixelmatch/download/pixelmatch-4.0.2.tgz",
      "integrity": "sha1-j0fc7FARtHe2fbA8JDvB8wheiFQ=",
      "requires": {
        "pngjs": "^3.0.0"
      }
    },
    "pngjs": {
      "version": "3.4.0",
      "resolved": "http://registry.npm.taobao.org/pngjs/download/pngjs-3.4.0.tgz",
      "integrity": "sha1-mcp9clll+2VYFOr2XzjxK72/VV8="
    },
    "process": {
      "version": "0.5.2",
      "resolved": "http://registry.npm.taobao.org/process/download/process-0.5.2.tgz",
      "integrity": "sha1-FjjYqONML0QKkduVq5rrZ3/Bhc8="
    },
    "process-nextick-args": {
      "version": "2.0.0",
      "resolved": "http://registry.npm.taobao.org/process-nextick-args/download/process-nextick-args-2.0.0.tgz",
      "integrity": "sha1-o31zL0JxtKsa0HDTVQjoKQeI/6o="
    },
    "promise": {
      "version": "8.0.2",
      "resolved": "http://registry.npm.taobao.org/promise/download/promise-8.0.2.tgz",
      "integrity": "sha1-nc0GchksWJR31WiRJxvcJ1R66fA=",
      "requires": {
        "asap": "~2.0.6"
      }
    },
    "qs": {
      "version": "6.5.2",
      "resolved": "http://registry.npm.taobao.org/qs/download/qs-6.5.2.tgz",
      "integrity": "sha1-yzroBuh0BERYTvFUzo7pjUA/PjY="
    },
    "readable-stream": {
      "version": "2.3.6",
      "resolved": "http://registry.npm.taobao.org/readable-stream/download/readable-stream-2.3.6.tgz",
      "integrity": "sha1-sRwn2IuP8fvgcGQ8+UsMea4bCq8=",
      "requires": {
        "core-util-is": "~1.0.0",
        "inherits": "~2.0.3",
        "isarray": "~1.0.0",
        "process-nextick-args": "~2.0.0",
        "safe-buffer": "~5.1.1",
        "string_decoder": "~1.1.1",
        "util-deprecate": "~1.0.1"
      }
    },
    "regenerator-runtime": {
      "version": "0.12.1",
      "resolved": "http://registry.npm.taobao.org/regenerator-runtime/download/regenerator-runtime-0.12.1.tgz",
      "integrity": "sha1-+hpxVEdkwDb4xJsToIsllMn4oN4="
    },
    "safe-buffer": {
      "version": "5.1.2",
      "resolved": "http://registry.npm.taobao.org/safe-buffer/download/safe-buffer-5.1.2.tgz",
      "integrity": "sha1-mR7GnSluAxN0fVm9/St0XDX4go0="
    },
    "sax": {
      "version": "1.2.4",
      "resolved": "http://registry.npm.taobao.org/sax/download/sax-1.2.4.tgz",
      "integrity": "sha1-KBYjTiN4vdxOU1T6tcqold9xANk="
    },
    "string.prototype.trim": {
      "version": "1.1.2",
      "resolved": "http://registry.npm.taobao.org/string.prototype.trim/download/string.prototype.trim-1.1.2.tgz",
      "integrity": "sha1-0E3iyJ4Tf019IG8Ia17S+ua+jOo=",
      "requires": {
        "define-properties": "^1.1.2",
        "es-abstract": "^1.5.0",
        "function-bind": "^1.0.2"
      }
    },
    "string_decoder": {
      "version": "1.1.1",
      "resolved": "http://registry.npm.taobao.org/string_decoder/download/string_decoder-1.1.1.tgz",
      "integrity": "sha1-nPFhG6YmhdcDCunkujQUnDrwP8g=",
      "requires": {
        "safe-buffer": "~5.1.0"
      }
    },
    "sync-request": {
      "version": "6.0.0",
      "resolved": "http://registry.npm.taobao.org/sync-request/download/sync-request-6.0.0.tgz",
      "integrity": "sha1-24Z+zMTtMbvLn6NzI5OjQT2lgu0=",
      "requires": {
        "http-response-object": "^3.0.1",
        "sync-rpc": "^1.2.1",
        "then-request": "^6.0.0"
      }
    },
    "sync-rpc": {
      "version": "1.3.4",
      "resolved": "http://registry.npm.taobao.org/sync-rpc/download/sync-rpc-1.3.4.tgz",
      "integrity": "sha1-JLy9sv/LmPI2kMFbMEZgCFzdIGw=",
      "requires": {
        "get-port": "^3.1.0"
      }
    },
    "then-request": {
      "version": "6.0.0",
      "resolved": "http://registry.npm.taobao.org/then-request/download/then-request-6.0.0.tgz",
      "integrity": "sha1-LKsZjkjy2OecjB7SYBmDaKSgvLo=",
      "requires": {
        "@types/concat-stream": "^1.6.0",
        "@types/form-data": "0.0.33",
        "@types/node": "^8.0.0",
        "@types/qs": "^6.2.31",
        "caseless": "~0.12.0",
        "concat-stream": "^1.6.0",
        "form-data": "^2.2.0",
        "http-basic": "^7.0.0",
        "http-response-object": "^3.0.1",
        "promise": "^8.0.0",
        "qs": "^6.4.0"
      },
      "dependencies": {
        "@types/node": {
          "version": "8.10.44",
          "resolved": "http://registry.npm.taobao.org/@types/node/download/@types/node-8.10.44.tgz?cache=0&other_urls=http%3A%2F%2Fregistry.npm.taobao.org%2F%40types%2Fnode%2Fdownload%2F%40types%2Fnode-8.10.44.tgz",
          "integrity": "sha1-sAzzWVxqPXV0Cvl2hzmoElBTpak="
        }
      }
    },
    "timm": {
      "version": "1.6.1",
      "resolved": "http://registry.npm.taobao.org/timm/download/timm-1.6.1.tgz",
      "integrity": "sha1-X4qvyTIkjHbK8savYFQqMtPDBwE="
    },
    "tinycolor2": {
      "version": "1.4.1",
      "resolved": "http://registry.npm.taobao.org/tinycolor2/download/tinycolor2-1.4.1.tgz",
      "integrity": "sha1-9PrTM0R7wLB9TcjpIJ2POaisd+g="
    },
    "typedarray": {
      "version": "0.0.6",
      "resolved": "http://registry.npm.taobao.org/typedarray/download/typedarray-0.0.6.tgz",
      "integrity": "sha1-hnrHTjhkGHsdPUfZlqeOxciDB3c="
    },
    "utif": {
      "version": "2.0.1",
      "resolved": "http://registry.npm.taobao.org/utif/download/utif-2.0.1.tgz",
      "integrity": "sha1-nhWC2bvSABGmWIVI7TJmKY5xF1k=",
      "requires": {
        "pako": "^1.0.5"
      }
    },
    "util-deprecate": {
      "version": "1.0.2",
      "resolved": "http://registry.npm.taobao.org/util-deprecate/download/util-deprecate-1.0.2.tgz",
      "integrity": "sha1-RQ1Nyfpw3nMnYvvS1KKJgUGaDM8="
    },
    "xhr": {
      "version": "2.5.0",
      "resolved": "http://registry.npm.taobao.org/xhr/download/xhr-2.5.0.tgz",
      "integrity": "sha1-vtjRZ21co2EIZnaSt0sxbEluSd0=",
      "requires": {
        "global": "~4.3.0",
        "is-function": "^1.0.1",
        "parse-headers": "^2.0.0",
        "xtend": "^4.0.0"
      }
    },
    "xml-parse-from-string": {
      "version": "1.0.1",
      "resolved": "http://registry.npm.taobao.org/xml-parse-from-string/download/xml-parse-from-string-1.0.1.tgz",
      "integrity": "sha1-qQKekp09vN7RafPG4oI42VpdWig="
    },
    "xml2js": {
      "version": "0.4.19",
      "resolved": "http://registry.npm.taobao.org/xml2js/download/xml2js-0.4.19.tgz",
      "integrity": "sha1-aGwg8hMgnpSr8NG88e+qKRx4J6c=",
      "requires": {
        "sax": ">=0.6.0",
        "xmlbuilder": "~9.0.1"
      }
    },
    "xmlbuilder": {
      "version": "9.0.7",
      "resolved": "http://registry.npm.taobao.org/xmlbuilder/download/xmlbuilder-9.0.7.tgz",
      "integrity": "sha1-Ey7mPS7FVlxVfiD0wi35rKaGsQ0="
    },
    "xtend": {
      "version": "4.0.1",
      "resolved": "http://registry.npm.taobao.org/xtend/download/xtend-4.0.1.tgz",
      "integrity": "sha1-pcbVMr5lbiPbgg77lDofBJmNY68="
    }
  }
}
